
Microsoft Visual Studio Solution File, Format Version 12.00
# Visual Studio Version 16
VisualStudioVersion = 16.0.28803.156
MinimumVisualStudioVersion = 10.0.40219.1
Project("{9A19103F-16F7-4668-BE54-9A1E7A4F7556}") = "WinMLCustomVisionFruit", "WinMLCustomVisionFruit\CS\WinMLCustomVisionFruit.csproj", "{15B6F191-D9E6-43D5-A3C0-0943A3A6FE1B}"
EndProject
Project("{9A19103F-16F7-4668-BE54-9A1E7A4F7556}") = "Common", "Common\CS\Common.csproj", "{9A886E9C-763A-435D-965A-3ACF235645C1}"
EndProject
Project("{9A19103F-16F7-4668-BE54-9A1E7A4F7556}") = "GPIOFruit", "GpioFruit\CS\GPIOFruit.csproj", "{8C8730DB-C952-4EB0-8744-D569631EA3DD}"
EndProject
Project("{9A19103F-16F7-4668-BE54-9A1E7A4F7556}") = "SqueezeNetObjectDetection", "SqueezeNetObjectDetection\cs\SqueezeNetObjectDetection.csproj", "{4425F393-903D-46F1-88E0-15352355D476}"
EndProject
Project("{9A19103F-16F7-4668-BE54-9A1E7A4F7556}") = "SerialWin32", "SerialWin32\CS\SerialWin32.csproj", "{A8E383E4-3D0D-4623-B2F1-B95AD8353635}"
EndProject
Project("{9A19103F-16F7-4668-BE54-9A1E7A4F7556}") = "HubEventHandler", "HubEventHandler\CS\HubEventHandler.csproj", "{4355EAD4-D960-44CC-9AED-024B744C2FF0}"
EndProject
Project("{9A19103F-16F7-4668-BE54-9A1E7A4F7556}") = "I2C_mpu6050", "I2C_mpu6050\CS\I2C_mpu6050.csproj", "{7E9E879A-4BF3-40FC-9378-38C59E361C45}"
EndProject
Project("{9A19103F-16F7-4668-BE54-9A1E7A4F7556}") = "SPI_mpu9050", "SPI_mpu9050\CS\SPI_mpu9050.csproj", "{DD72F53C-BFD8-4B7E-85B9-9A02074A543F}"
EndProject
Project("{9A19103F-16F7-4668-BE54-9A1E7A4F7556}") = "I2CTempHumidity", "I2CTempHumidity\CS\I2CTempHumidity.csproj", "{C909CF54-B930-4EF4-8A0C-576E381DDA9D}"
EndProject
Project("{9A19103F-16F7-4668-BE54-9A1E7A4F7556}") = "SerialIOPorts", "SerialIOPorts\CS\SerialIOPorts.csproj", "{A6E09E2C-617D-4785-97BB-B41AB32EC18D}"
EndProject
Project("{9A19103F-16F7-4668-BE54-9A1E7A4F7556}") = "UART_lcd", "UART_lcd\CS\UART_lcd.csproj", "{286AEE43-76C8-41C8-8A3F-99D9E5BB8C13}"
EndProject
Project("{9A19103F-16F7-4668-BE54-9A1E7A4F7556}") = "PWMFruit", "PWMFruit\CS\PWMFruit.csproj", "{289978C6-E7A6-4354-AD8F-C69E3A4B98D8}"
EndProject
Project("{9A19103F-16F7-4668-BE54-9A1E7A4F7556}") = "AudioLoopback", "AudioLoopback\CS\AudioLoopback.csproj", "{B5A1A05D-C33E-4CCD-880C-FBC3C93BF0A6}"
EndProject
Global
	GlobalSection(SolutionConfigurationPlatforms) = preSolution
		Debug|Any CPU = Debug|Any CPU
		Release|Any CPU = Release|Any CPU
	EndGlobalSection
	GlobalSection(ProjectConfigurationPlatforms) = postSolution
		{15B6F191-D9E6-43D5-A3C0-0943A3A6FE1B}.Debug|Any CPU.ActiveCfg = Debug|Any CPU
		{15B6F191-D9E6-43D5-A3C0-0943A3A6FE1B}.Debug|Any CPU.Build.0 = Debug|Any CPU
		{15B6F191-D9E6-43D5-A3C0-0943A3A6FE1B}.Release|Any CPU.ActiveCfg = Release|Any CPU
		{15B6F191-D9E6-43D5-A3C0-0943A3A6FE1B}.Release|Any CPU.Build.0 = Release|Any CPU
		{9A886E9C-763A-435D-965A-3ACF235645C1}.Debug|Any CPU.ActiveCfg = Debug|Any CPU
		{9A886E9C-763A-435D-965A-3ACF235645C1}.Debug|Any CPU.Build.0 = Debug|Any CPU
		{9A886E9C-763A-435D-965A-3ACF235645C1}.Release|Any CPU.ActiveCfg = Release|Any CPU
		{9A886E9C-763A-435D-965A-3ACF235645C1}.Release|Any CPU.Build.0 = Release|Any CPU
		{8C8730DB-C952-4EB0-8744-D569631EA3DD}.Debug|Any CPU.ActiveCfg = Debug|Any CPU
		{8C8730DB-C952-4EB0-8744-D569631EA3DD}.Debug|Any CPU.Build.0 = Debug|Any CPU
		{8C8730DB-C952-4EB0-8744-D569631EA3DD}.Release|Any CPU.ActiveCfg = Release|Any CPU
		{8C8730DB-C952-4EB0-8744-D569631EA3DD}.Release|Any CPU.Build.0 = Release|Any CPU
		{4425F393-903D-46F1-88E0-15352355D476}.Debug|Any CPU.ActiveCfg = Debug|Any CPU
		{4425F393-903D-46F1-88E0-15352355D476}.Debug|Any CPU.Build.0 = Debug|Any CPU
		{4425F393-903D-46F1-88E0-15352355D476}.Release|Any CPU.ActiveCfg = Release|Any CPU
		{4425F393-903D-46F1-88E0-15352355D476}.Release|Any CPU.Build.0 = Release|Any CPU
		{A8E383E4-3D0D-4623-B2F1-B95AD8353635}.Debug|Any CPU.ActiveCfg = Debug|Any CPU
		{A8E383E4-3D0D-4623-B2F1-B95AD8353635}.Debug|Any CPU.Build.0 = Debug|Any CPU
		{A8E383E4-3D0D-4623-B2F1-B95AD8353635}.Release|Any CPU.ActiveCfg = Release|Any CPU
		{A8E383E4-3D0D-4623-B2F1-B95AD8353635}.Release|Any CPU.Build.0 = Release|Any CPU
		{4355EAD4-D960-44CC-9AED-024B744C2FF0}.Debug|Any CPU.ActiveCfg = Debug|Any CPU
		{4355EAD4-D960-44CC-9AED-024B744C2FF0}.Debug|Any CPU.Build.0 = Debug|Any CPU
		{4355EAD4-D960-44CC-9AED-024B744C2FF0}.Release|Any CPU.ActiveCfg = Release|Any CPU
		{4355EAD4-D960-44CC-9AED-024B744C2FF0}.Release|Any CPU.Build.0 = Release|Any CPU
		{7E9E879A-4BF3-40FC-9378-38C59E361C45}.Debug|Any CPU.ActiveCfg = Debug|Any CPU
		{7E9E879A-4BF3-40FC-9378-38C59E361C45}.Debug|Any CPU.Build.0 = Debug|Any CPU
		{7E9E879A-4BF3-40FC-9378-38C59E361C45}.Release|Any CPU.ActiveCfg = Release|Any CPU
		{7E9E879A-4BF3-40FC-9378-38C59E361C45}.Release|Any CPU.Build.0 = Release|Any CPU
		{DD72F53C-BFD8-4B7E-85B9-9A02074A543F}.Debug|Any CPU.ActiveCfg = Debug|Any CPU
		{DD72F53C-BFD8-4B7E-85B9-9A02074A543F}.Debug|Any CPU.Build.0 = Debug|Any CPU
		{DD72F53C-BFD8-4B7E-85B9-9A02074A543F}.Release|Any CPU.ActiveCfg = Release|Any CPU
		{DD72F53C-BFD8-4B7E-85B9-9A02074A543F}.Release|Any CPU.Build.0 = Release|Any CPU
		{C909CF54-B930-4EF4-8A0C-576E381DDA9D}.Debug|Any CPU.ActiveCfg = Debug|Any CPU
		{C909CF54-B930-4EF4-8A0C-576E381DDA9D}.Debug|Any CPU.Build.0 = Debug|Any CPU
		{C909CF54-B930-4EF4-8A0C-576E381DDA9D}.Release|Any CPU.ActiveCfg = Release|Any CPU
		{C909CF54-B930-4EF4-8A0C-576E381DDA9D}.Release|Any CPU.Build.0 = Release|Any CPU
		{A6E09E2C-617D-4785-97BB-B41AB32EC18D}.Debug|Any CPU.ActiveCfg = Debug|Any CPU
		{A6E09E2C-617D-4785-97BB-B41AB32EC18D}.Debug|Any CPU.Build.0 = Debug|Any CPU
		{A6E09E2C-617D-4785-97BB-B41AB32EC18D}.Release|Any CPU.ActiveCfg = Release|Any CPU
		{A6E09E2C-617D-4785-97BB-B41AB32EC18D}.Release|Any CPU.Build.0 = Release|Any CPU
		{286AEE43-76C8-41C8-8A3F-99D9E5BB8C13}.Debug|Any CPU.ActiveCfg = Debug|Any CPU
		{286AEE43-76C8-41C8-8A3F-99D9E5BB8C13}.Debug|Any CPU.Build.0 = Debug|Any CPU
		{286AEE43-76C8-41C8-8A3F-99D9E5BB8C13}.Release|Any CPU.ActiveCfg = Release|Any CPU
		{286AEE43-76C8-41C8-8A3F-99D9E5BB8C13}.Release|Any CPU.Build.0 = Release|Any CPU
		{289978C6-E7A6-4354-AD8F-C69E3A4B98D8}.Debug|Any CPU.ActiveCfg = Debug|Any CPU
		{289978C6-E7A6-4354-AD8F-C69E3A4B98D8}.Debug|Any CPU.Build.0 = Debug|Any CPU
		{289978C6-E7A6-4354-AD8F-C69E3A4B98D8}.Release|Any CPU.ActiveCfg = Release|Any CPU
		{289978C6-E7A6-4354-AD8F-C69E3A4B98D8}.Release|Any CPU.Build.0 = Release|Any CPU
		{B5A1A05D-C33E-4CCD-880C-FBC3C93BF0A6}.Debug|Any CPU.ActiveCfg = Debug|Any CPU
		{B5A1A05D-C33E-4CCD-880C-FBC3C93BF0A6}.Debug|Any CPU.Build.0 = Debug|Any CPU
		{B5A1A05D-C33E-4CCD-880C-FBC3C93BF0A6}.Release|Any CPU.ActiveCfg = Release|Any CPU
		{B5A1A05D-C33E-4CCD-880C-FBC3C93BF0A6}.Release|Any CPU.Build.0 = Release|Any CPU
	EndGlobalSection
	GlobalSection(SolutionProperties) = preSolution
		HideSolutionNode = FALSE
	EndGlobalSection
	GlobalSection(ExtensibilityGlobals) = postSolution
		SolutionGuid = {1F373DAF-81EA-4631-8BF9-AC535724F181}
	EndGlobalSection
EndGlobal
