
Microsoft Visual Studio Solution File, Format Version 12.00
# Visual Studio 15
VisualStudioVersion = 15.0.27130.2027
MinimumVisualStudioVersion = 10.0.40219.1
Project("{FAE04EC0-301F-11D3-BF4B-00C04F79EFBC}") = "Sensors.Weight", "Sensors.Weight\Sensors.Weight.csproj", "{76FB0145-F64B-4D6A-A94F-365E5DC3231F}"
EndProject
Project("{8BC9CEB8-8B4A-11D0-8D11-00A0C91BC942}") = "Sensors.Temperature", "Sensors.Temperature\Sensors.Temperature.vcxproj", "{2CD70A4F-9EED-4CDA-9E07-1A2BD33B4976}"
EndProject
Project("{FAE04EC0-301F-11D3-BF4B-00C04F79EFBC}") = "Keg.UWP", "Keg.UWP\Keg.UWP.csproj", "{4148FE7C-A34C-4599-A020-AA4B9C7C35FE}"
	ProjectSection(ProjectDependencies) = postProject
		{9FD08840-1057-4AF7-92AB-21C710121B5F} = {9FD08840-1057-4AF7-92AB-21C710121B5F}
		{76FB0145-F64B-4D6A-A94F-365E5DC3231F} = {76FB0145-F64B-4D6A-A94F-365E5DC3231F}
		{2CD70A4F-9EED-4CDA-9E07-1A2BD33B4976} = {2CD70A4F-9EED-4CDA-9E07-1A2BD33B4976}
	EndProjectSection
EndProject
Project("{FAE04EC0-301F-11D3-BF4B-00C04F79EFBC}") = "Keg.DAL", "Keg.DAL\Keg.DAL.csproj", "{9FD08840-1057-4AF7-92AB-21C710121B5F}"
EndProject
Project("{2150E333-8FDC-42A3-9474-1A3956D46DE8}") = "Solution Items", "Solution Items", "{DE66BD2E-4FCB-4662-8FCF-81D4E3ADC630}"
	ProjectSection(SolutionItems) = preProject
		Functions.txt = Functions.txt
		Keg.Cosmos.md = Keg.Cosmos.md
		Keg.UWP.md = Keg.UWP.md
		Kegocnizer.Admin.UWP\Kegocnizer.Admin.UWP.sln = Kegocnizer.Admin.UWP\Kegocnizer.Admin.UWP.sln
	EndProjectSection
EndProject
Global
	GlobalSection(SolutionConfigurationPlatforms) = preSolution
		Debug|Any CPU = Debug|Any CPU
		Debug|ARM = Debug|ARM
		Debug|x64 = Debug|x64
		Debug|x86 = Debug|x86
		Release|Any CPU = Release|Any CPU
		Release|ARM = Release|ARM
		Release|x64 = Release|x64
		Release|x86 = Release|x86
	EndGlobalSection
	GlobalSection(ProjectConfigurationPlatforms) = postSolution
		{76FB0145-F64B-4D6A-A94F-365E5DC3231F}.Debug|Any CPU.ActiveCfg = Debug|ARM
		{76FB0145-F64B-4D6A-A94F-365E5DC3231F}.Debug|ARM.ActiveCfg = Debug|ARM
		{76FB0145-F64B-4D6A-A94F-365E5DC3231F}.Debug|ARM.Build.0 = Debug|ARM
		{76FB0145-F64B-4D6A-A94F-365E5DC3231F}.Debug|x64.ActiveCfg = Debug|x64
		{76FB0145-F64B-4D6A-A94F-365E5DC3231F}.Debug|x64.Build.0 = Debug|x64
		{76FB0145-F64B-4D6A-A94F-365E5DC3231F}.Debug|x86.ActiveCfg = Debug|x86
		{76FB0145-F64B-4D6A-A94F-365E5DC3231F}.Debug|x86.Build.0 = Debug|x86
		{76FB0145-F64B-4D6A-A94F-365E5DC3231F}.Release|Any CPU.ActiveCfg = Release|Any CPU
		{76FB0145-F64B-4D6A-A94F-365E5DC3231F}.Release|Any CPU.Build.0 = Release|Any CPU
		{76FB0145-F64B-4D6A-A94F-365E5DC3231F}.Release|ARM.ActiveCfg = Release|ARM
		{76FB0145-F64B-4D6A-A94F-365E5DC3231F}.Release|ARM.Build.0 = Release|ARM
		{76FB0145-F64B-4D6A-A94F-365E5DC3231F}.Release|x64.ActiveCfg = Release|x64
		{76FB0145-F64B-4D6A-A94F-365E5DC3231F}.Release|x64.Build.0 = Release|x64
		{76FB0145-F64B-4D6A-A94F-365E5DC3231F}.Release|x86.ActiveCfg = Release|x86
		{76FB0145-F64B-4D6A-A94F-365E5DC3231F}.Release|x86.Build.0 = Release|x86
		{2CD70A4F-9EED-4CDA-9E07-1A2BD33B4976}.Debug|Any CPU.ActiveCfg = Debug|ARM
		{2CD70A4F-9EED-4CDA-9E07-1A2BD33B4976}.Debug|Any CPU.Build.0 = Debug|ARM
		{2CD70A4F-9EED-4CDA-9E07-1A2BD33B4976}.Debug|ARM.ActiveCfg = Debug|ARM
		{2CD70A4F-9EED-4CDA-9E07-1A2BD33B4976}.Debug|ARM.Build.0 = Debug|ARM
		{2CD70A4F-9EED-4CDA-9E07-1A2BD33B4976}.Debug|x64.ActiveCfg = Debug|x64
		{2CD70A4F-9EED-4CDA-9E07-1A2BD33B4976}.Debug|x64.Build.0 = Debug|x64
		{2CD70A4F-9EED-4CDA-9E07-1A2BD33B4976}.Debug|x86.ActiveCfg = Debug|Win32
		{2CD70A4F-9EED-4CDA-9E07-1A2BD33B4976}.Debug|x86.Build.0 = Debug|Win32
		{2CD70A4F-9EED-4CDA-9E07-1A2BD33B4976}.Release|Any CPU.ActiveCfg = Release|Win32
		{2CD70A4F-9EED-4CDA-9E07-1A2BD33B4976}.Release|Any CPU.Build.0 = Release|Win32
		{2CD70A4F-9EED-4CDA-9E07-1A2BD33B4976}.Release|ARM.ActiveCfg = Release|ARM
		{2CD70A4F-9EED-4CDA-9E07-1A2BD33B4976}.Release|ARM.Build.0 = Release|ARM
		{2CD70A4F-9EED-4CDA-9E07-1A2BD33B4976}.Release|x64.ActiveCfg = Release|x64
		{2CD70A4F-9EED-4CDA-9E07-1A2BD33B4976}.Release|x64.Build.0 = Release|x64
		{2CD70A4F-9EED-4CDA-9E07-1A2BD33B4976}.Release|x86.ActiveCfg = Release|Win32
		{2CD70A4F-9EED-4CDA-9E07-1A2BD33B4976}.Release|x86.Build.0 = Release|Win32
		{4148FE7C-A34C-4599-A020-AA4B9C7C35FE}.Debug|Any CPU.ActiveCfg = Debug|ARM
		{4148FE7C-A34C-4599-A020-AA4B9C7C35FE}.Debug|ARM.ActiveCfg = Debug|ARM
		{4148FE7C-A34C-4599-A020-AA4B9C7C35FE}.Debug|ARM.Build.0 = Debug|ARM
		{4148FE7C-A34C-4599-A020-AA4B9C7C35FE}.Debug|ARM.Deploy.0 = Debug|ARM
		{4148FE7C-A34C-4599-A020-AA4B9C7C35FE}.Debug|x64.ActiveCfg = Debug|x64
		{4148FE7C-A34C-4599-A020-AA4B9C7C35FE}.Debug|x64.Build.0 = Debug|x64
		{4148FE7C-A34C-4599-A020-AA4B9C7C35FE}.Debug|x64.Deploy.0 = Debug|x64
		{4148FE7C-A34C-4599-A020-AA4B9C7C35FE}.Debug|x86.ActiveCfg = Debug|x86
		{4148FE7C-A34C-4599-A020-AA4B9C7C35FE}.Debug|x86.Build.0 = Debug|x86
		{4148FE7C-A34C-4599-A020-AA4B9C7C35FE}.Debug|x86.Deploy.0 = Debug|x86
		{4148FE7C-A34C-4599-A020-AA4B9C7C35FE}.Release|Any CPU.ActiveCfg = Release|x86
		{4148FE7C-A34C-4599-A020-AA4B9C7C35FE}.Release|ARM.ActiveCfg = Release|ARM
		{4148FE7C-A34C-4599-A020-AA4B9C7C35FE}.Release|ARM.Build.0 = Release|ARM
		{4148FE7C-A34C-4599-A020-AA4B9C7C35FE}.Release|ARM.Deploy.0 = Release|ARM
		{4148FE7C-A34C-4599-A020-AA4B9C7C35FE}.Release|x64.ActiveCfg = Release|x64
		{4148FE7C-A34C-4599-A020-AA4B9C7C35FE}.Release|x64.Build.0 = Release|x64
		{4148FE7C-A34C-4599-A020-AA4B9C7C35FE}.Release|x64.Deploy.0 = Release|x64
		{4148FE7C-A34C-4599-A020-AA4B9C7C35FE}.Release|x86.ActiveCfg = Release|x86
		{4148FE7C-A34C-4599-A020-AA4B9C7C35FE}.Release|x86.Build.0 = Release|x86
		{4148FE7C-A34C-4599-A020-AA4B9C7C35FE}.Release|x86.Deploy.0 = Release|x86
		{9FD08840-1057-4AF7-92AB-21C710121B5F}.Debug|Any CPU.ActiveCfg = Debug|ARM
		{9FD08840-1057-4AF7-92AB-21C710121B5F}.Debug|ARM.ActiveCfg = Debug|ARM
		{9FD08840-1057-4AF7-92AB-21C710121B5F}.Debug|ARM.Build.0 = Debug|ARM
		{9FD08840-1057-4AF7-92AB-21C710121B5F}.Debug|x64.ActiveCfg = Debug|x64
		{9FD08840-1057-4AF7-92AB-21C710121B5F}.Debug|x64.Build.0 = Debug|x64
		{9FD08840-1057-4AF7-92AB-21C710121B5F}.Debug|x86.ActiveCfg = Debug|x86
		{9FD08840-1057-4AF7-92AB-21C710121B5F}.Debug|x86.Build.0 = Debug|x86
		{9FD08840-1057-4AF7-92AB-21C710121B5F}.Release|Any CPU.ActiveCfg = Release|Any CPU
		{9FD08840-1057-4AF7-92AB-21C710121B5F}.Release|Any CPU.Build.0 = Release|Any CPU
		{9FD08840-1057-4AF7-92AB-21C710121B5F}.Release|ARM.ActiveCfg = Release|ARM
		{9FD08840-1057-4AF7-92AB-21C710121B5F}.Release|ARM.Build.0 = Release|ARM
		{9FD08840-1057-4AF7-92AB-21C710121B5F}.Release|x64.ActiveCfg = Release|x64
		{9FD08840-1057-4AF7-92AB-21C710121B5F}.Release|x64.Build.0 = Release|x64
		{9FD08840-1057-4AF7-92AB-21C710121B5F}.Release|x86.ActiveCfg = Release|x86
		{9FD08840-1057-4AF7-92AB-21C710121B5F}.Release|x86.Build.0 = Release|x86
	EndGlobalSection
	GlobalSection(SolutionProperties) = preSolution
		HideSolutionNode = FALSE
	EndGlobalSection
	GlobalSection(ExtensibilityGlobals) = postSolution
		SolutionGuid = {A8A0AFBA-FE8C-42BE-9F74-7BE1B82F9459}
	EndGlobalSection
EndGlobal
