
Microsoft Visual Studio Solution File, Format Version 12.00
# Visual Studio 14
VisualStudioVersion = 14.0.24630.0
MinimumVisualStudioVersion = 10.0.40219.1
Project("{FAE04EC0-301F-11D3-BF4B-00C04F79EFBC}") = "InternetRadioController", "InternetRadioController\InternetRadioController.csproj", "{895696B1-A4B8-4864-89E1-C9067AA8A542}"
EndProject
Project("{FAE04EC0-301F-11D3-BF4B-00C04F79EFBC}") = "TextDisplay", "..\lib\TextDisplay\TextDisplayManager\TextDisplay.csproj", "{060399D9-871D-4A17-A249-A12B9D3F7682}"
EndProject
Project("{8BC9CEB8-8B4A-11D0-8D11-00A0C91BC942}") = "UniversalMediaEngine", "..\lib\UniversalMediaEngine\UniversalMediaEngine\UniversalMediaEngine.vcxproj", "{81D46002-EC95-4423-BF6E-DBE82CCD55CA}"
EndProject
Project("{8BC9CEB8-8B4A-11D0-8D11-00A0C91BC942}") = "InternetRadioAllJoyn", "InternetRadioAllJoyn\InternetRadioAllJoyn.vcxproj", "{5DAF0D4C-EF4F-4E20-8877-DB2AAEB89BBD}"
EndProject
Project("{FAE04EC0-301F-11D3-BF4B-00C04F79EFBC}") = "InternetRadioHeaded", "InternetRadioHeaded\InternetRadioHeaded.csproj", "{854EFB93-8BB3-4701-A915-8229E6366DA8}"
EndProject
Project("{FAE04EC0-301F-11D3-BF4B-00C04F79EFBC}") = "InternetRadioHeadless", "InternetRadioHeadless\InternetRadioHeadless.csproj", "{20A2542F-14EA-458D-9118-5AE4E13C0E05}"
EndProject
Project("{FAE04EC0-301F-11D3-BF4B-00C04F79EFBC}") = "InternetRadio", "InternetRadio\InternetRadio.csproj", "{4E5731D0-AD57-491D-B5D2-DCD29F26D9E8}"
EndProject
Global
	GlobalSection(SolutionConfigurationPlatforms) = preSolution
		Debug|Any CPU = Debug|Any CPU
		Debug|ARM = Debug|ARM
		Debug|x64 = Debug|x64
		Debug|x86 = Debug|x86
		Release|Any CPU = Release|Any CPU
		Release|ARM = Release|ARM
		Release|x64 = Release|x64
		Release|x86 = Release|x86
	EndGlobalSection
	GlobalSection(ProjectConfigurationPlatforms) = postSolution
		{895696B1-A4B8-4864-89E1-C9067AA8A542}.Debug|Any CPU.ActiveCfg = Debug|x86
		{895696B1-A4B8-4864-89E1-C9067AA8A542}.Debug|ARM.ActiveCfg = Debug|ARM
		{895696B1-A4B8-4864-89E1-C9067AA8A542}.Debug|ARM.Build.0 = Debug|ARM
		{895696B1-A4B8-4864-89E1-C9067AA8A542}.Debug|ARM.Deploy.0 = Debug|ARM
		{895696B1-A4B8-4864-89E1-C9067AA8A542}.Debug|x64.ActiveCfg = Debug|x64
		{895696B1-A4B8-4864-89E1-C9067AA8A542}.Debug|x64.Build.0 = Debug|x64
		{895696B1-A4B8-4864-89E1-C9067AA8A542}.Debug|x64.Deploy.0 = Debug|x64
		{895696B1-A4B8-4864-89E1-C9067AA8A542}.Debug|x86.ActiveCfg = Debug|x86
		{895696B1-A4B8-4864-89E1-C9067AA8A542}.Debug|x86.Build.0 = Debug|x86
		{895696B1-A4B8-4864-89E1-C9067AA8A542}.Debug|x86.Deploy.0 = Debug|x86
		{895696B1-A4B8-4864-89E1-C9067AA8A542}.Release|Any CPU.ActiveCfg = Release|x86
		{895696B1-A4B8-4864-89E1-C9067AA8A542}.Release|ARM.ActiveCfg = Release|ARM
		{895696B1-A4B8-4864-89E1-C9067AA8A542}.Release|ARM.Build.0 = Release|ARM
		{895696B1-A4B8-4864-89E1-C9067AA8A542}.Release|ARM.Deploy.0 = Release|ARM
		{895696B1-A4B8-4864-89E1-C9067AA8A542}.Release|x64.ActiveCfg = Release|x64
		{895696B1-A4B8-4864-89E1-C9067AA8A542}.Release|x64.Build.0 = Release|x64
		{895696B1-A4B8-4864-89E1-C9067AA8A542}.Release|x64.Deploy.0 = Release|x64
		{895696B1-A4B8-4864-89E1-C9067AA8A542}.Release|x86.ActiveCfg = Release|x86
		{895696B1-A4B8-4864-89E1-C9067AA8A542}.Release|x86.Build.0 = Release|x86
		{895696B1-A4B8-4864-89E1-C9067AA8A542}.Release|x86.Deploy.0 = Release|x86
		{060399D9-871D-4A17-A249-A12B9D3F7682}.Debug|Any CPU.ActiveCfg = Debug|Any CPU
		{060399D9-871D-4A17-A249-A12B9D3F7682}.Debug|Any CPU.Build.0 = Debug|Any CPU
		{060399D9-871D-4A17-A249-A12B9D3F7682}.Debug|ARM.ActiveCfg = Debug|ARM
		{060399D9-871D-4A17-A249-A12B9D3F7682}.Debug|ARM.Build.0 = Debug|ARM
		{060399D9-871D-4A17-A249-A12B9D3F7682}.Debug|x64.ActiveCfg = Debug|x64
		{060399D9-871D-4A17-A249-A12B9D3F7682}.Debug|x64.Build.0 = Debug|x64
		{060399D9-871D-4A17-A249-A12B9D3F7682}.Debug|x86.ActiveCfg = Debug|x86
		{060399D9-871D-4A17-A249-A12B9D3F7682}.Debug|x86.Build.0 = Debug|x86
		{060399D9-871D-4A17-A249-A12B9D3F7682}.Release|Any CPU.ActiveCfg = Release|Any CPU
		{060399D9-871D-4A17-A249-A12B9D3F7682}.Release|Any CPU.Build.0 = Release|Any CPU
		{060399D9-871D-4A17-A249-A12B9D3F7682}.Release|ARM.ActiveCfg = Release|ARM
		{060399D9-871D-4A17-A249-A12B9D3F7682}.Release|ARM.Build.0 = Release|ARM
		{060399D9-871D-4A17-A249-A12B9D3F7682}.Release|x64.ActiveCfg = Release|x64
		{060399D9-871D-4A17-A249-A12B9D3F7682}.Release|x64.Build.0 = Release|x64
		{060399D9-871D-4A17-A249-A12B9D3F7682}.Release|x86.ActiveCfg = Release|x86
		{060399D9-871D-4A17-A249-A12B9D3F7682}.Release|x86.Build.0 = Release|x86
		{81D46002-EC95-4423-BF6E-DBE82CCD55CA}.Debug|Any CPU.ActiveCfg = Debug|Win32
		{81D46002-EC95-4423-BF6E-DBE82CCD55CA}.Debug|ARM.ActiveCfg = Debug|ARM
		{81D46002-EC95-4423-BF6E-DBE82CCD55CA}.Debug|ARM.Build.0 = Debug|ARM
		{81D46002-EC95-4423-BF6E-DBE82CCD55CA}.Debug|x64.ActiveCfg = Debug|x64
		{81D46002-EC95-4423-BF6E-DBE82CCD55CA}.Debug|x64.Build.0 = Debug|x64
		{81D46002-EC95-4423-BF6E-DBE82CCD55CA}.Debug|x86.ActiveCfg = Debug|Win32
		{81D46002-EC95-4423-BF6E-DBE82CCD55CA}.Debug|x86.Build.0 = Debug|Win32
		{81D46002-EC95-4423-BF6E-DBE82CCD55CA}.Release|Any CPU.ActiveCfg = Release|Win32
		{81D46002-EC95-4423-BF6E-DBE82CCD55CA}.Release|ARM.ActiveCfg = Release|ARM
		{81D46002-EC95-4423-BF6E-DBE82CCD55CA}.Release|ARM.Build.0 = Release|ARM
		{81D46002-EC95-4423-BF6E-DBE82CCD55CA}.Release|x64.ActiveCfg = Release|x64
		{81D46002-EC95-4423-BF6E-DBE82CCD55CA}.Release|x64.Build.0 = Release|x64
		{81D46002-EC95-4423-BF6E-DBE82CCD55CA}.Release|x86.ActiveCfg = Release|Win32
		{81D46002-EC95-4423-BF6E-DBE82CCD55CA}.Release|x86.Build.0 = Release|Win32
		{5DAF0D4C-EF4F-4E20-8877-DB2AAEB89BBD}.Debug|Any CPU.ActiveCfg = Debug|Win32
		{5DAF0D4C-EF4F-4E20-8877-DB2AAEB89BBD}.Debug|ARM.ActiveCfg = Debug|ARM
		{5DAF0D4C-EF4F-4E20-8877-DB2AAEB89BBD}.Debug|ARM.Build.0 = Debug|ARM
		{5DAF0D4C-EF4F-4E20-8877-DB2AAEB89BBD}.Debug|x64.ActiveCfg = Debug|x64
		{5DAF0D4C-EF4F-4E20-8877-DB2AAEB89BBD}.Debug|x64.Build.0 = Debug|x64
		{5DAF0D4C-EF4F-4E20-8877-DB2AAEB89BBD}.Debug|x86.ActiveCfg = Debug|Win32
		{5DAF0D4C-EF4F-4E20-8877-DB2AAEB89BBD}.Debug|x86.Build.0 = Debug|Win32
		{5DAF0D4C-EF4F-4E20-8877-DB2AAEB89BBD}.Release|Any CPU.ActiveCfg = Release|Win32
		{5DAF0D4C-EF4F-4E20-8877-DB2AAEB89BBD}.Release|ARM.ActiveCfg = Release|ARM
		{5DAF0D4C-EF4F-4E20-8877-DB2AAEB89BBD}.Release|ARM.Build.0 = Release|ARM
		{5DAF0D4C-EF4F-4E20-8877-DB2AAEB89BBD}.Release|x64.ActiveCfg = Release|x64
		{5DAF0D4C-EF4F-4E20-8877-DB2AAEB89BBD}.Release|x64.Build.0 = Release|x64
		{5DAF0D4C-EF4F-4E20-8877-DB2AAEB89BBD}.Release|x86.ActiveCfg = Release|Win32
		{5DAF0D4C-EF4F-4E20-8877-DB2AAEB89BBD}.Release|x86.Build.0 = Release|Win32
		{854EFB93-8BB3-4701-A915-8229E6366DA8}.Debug|Any CPU.ActiveCfg = Debug|x86
		{854EFB93-8BB3-4701-A915-8229E6366DA8}.Debug|ARM.ActiveCfg = Debug|ARM
		{854EFB93-8BB3-4701-A915-8229E6366DA8}.Debug|ARM.Build.0 = Debug|ARM
		{854EFB93-8BB3-4701-A915-8229E6366DA8}.Debug|ARM.Deploy.0 = Debug|ARM
		{854EFB93-8BB3-4701-A915-8229E6366DA8}.Debug|x64.ActiveCfg = Debug|x64
		{854EFB93-8BB3-4701-A915-8229E6366DA8}.Debug|x64.Build.0 = Debug|x64
		{854EFB93-8BB3-4701-A915-8229E6366DA8}.Debug|x64.Deploy.0 = Debug|x64
		{854EFB93-8BB3-4701-A915-8229E6366DA8}.Debug|x86.ActiveCfg = Debug|x86
		{854EFB93-8BB3-4701-A915-8229E6366DA8}.Debug|x86.Build.0 = Debug|x86
		{854EFB93-8BB3-4701-A915-8229E6366DA8}.Debug|x86.Deploy.0 = Debug|x86
		{854EFB93-8BB3-4701-A915-8229E6366DA8}.Release|Any CPU.ActiveCfg = Release|x86
		{854EFB93-8BB3-4701-A915-8229E6366DA8}.Release|ARM.ActiveCfg = Release|ARM
		{854EFB93-8BB3-4701-A915-8229E6366DA8}.Release|ARM.Build.0 = Release|ARM
		{854EFB93-8BB3-4701-A915-8229E6366DA8}.Release|ARM.Deploy.0 = Release|ARM
		{854EFB93-8BB3-4701-A915-8229E6366DA8}.Release|x64.ActiveCfg = Release|x64
		{854EFB93-8BB3-4701-A915-8229E6366DA8}.Release|x64.Build.0 = Release|x64
		{854EFB93-8BB3-4701-A915-8229E6366DA8}.Release|x64.Deploy.0 = Release|x64
		{854EFB93-8BB3-4701-A915-8229E6366DA8}.Release|x86.ActiveCfg = Release|x86
		{854EFB93-8BB3-4701-A915-8229E6366DA8}.Release|x86.Build.0 = Release|x86
		{854EFB93-8BB3-4701-A915-8229E6366DA8}.Release|x86.Deploy.0 = Release|x86
		{20A2542F-14EA-458D-9118-5AE4E13C0E05}.Debug|Any CPU.ActiveCfg = Debug|x86
		{20A2542F-14EA-458D-9118-5AE4E13C0E05}.Debug|ARM.ActiveCfg = Debug|ARM
		{20A2542F-14EA-458D-9118-5AE4E13C0E05}.Debug|ARM.Build.0 = Debug|ARM
		{20A2542F-14EA-458D-9118-5AE4E13C0E05}.Debug|ARM.Deploy.0 = Debug|ARM
		{20A2542F-14EA-458D-9118-5AE4E13C0E05}.Debug|x64.ActiveCfg = Debug|x64
		{20A2542F-14EA-458D-9118-5AE4E13C0E05}.Debug|x64.Build.0 = Debug|x64
		{20A2542F-14EA-458D-9118-5AE4E13C0E05}.Debug|x64.Deploy.0 = Debug|x64
		{20A2542F-14EA-458D-9118-5AE4E13C0E05}.Debug|x86.ActiveCfg = Debug|x86
		{20A2542F-14EA-458D-9118-5AE4E13C0E05}.Debug|x86.Build.0 = Debug|x86
		{20A2542F-14EA-458D-9118-5AE4E13C0E05}.Debug|x86.Deploy.0 = Debug|x86
		{20A2542F-14EA-458D-9118-5AE4E13C0E05}.Release|Any CPU.ActiveCfg = Release|x86
		{20A2542F-14EA-458D-9118-5AE4E13C0E05}.Release|ARM.ActiveCfg = Release|ARM
		{20A2542F-14EA-458D-9118-5AE4E13C0E05}.Release|ARM.Build.0 = Release|ARM
		{20A2542F-14EA-458D-9118-5AE4E13C0E05}.Release|ARM.Deploy.0 = Release|ARM
		{20A2542F-14EA-458D-9118-5AE4E13C0E05}.Release|x64.ActiveCfg = Release|x64
		{20A2542F-14EA-458D-9118-5AE4E13C0E05}.Release|x64.Build.0 = Release|x64
		{20A2542F-14EA-458D-9118-5AE4E13C0E05}.Release|x64.Deploy.0 = Release|x64
		{20A2542F-14EA-458D-9118-5AE4E13C0E05}.Release|x86.ActiveCfg = Release|x86
		{20A2542F-14EA-458D-9118-5AE4E13C0E05}.Release|x86.Build.0 = Release|x86
		{20A2542F-14EA-458D-9118-5AE4E13C0E05}.Release|x86.Deploy.0 = Release|x86
		{4E5731D0-AD57-491D-B5D2-DCD29F26D9E8}.Debug|Any CPU.ActiveCfg = Debug|Any CPU
		{4E5731D0-AD57-491D-B5D2-DCD29F26D9E8}.Debug|Any CPU.Build.0 = Debug|Any CPU
		{4E5731D0-AD57-491D-B5D2-DCD29F26D9E8}.Debug|ARM.ActiveCfg = Debug|ARM
		{4E5731D0-AD57-491D-B5D2-DCD29F26D9E8}.Debug|ARM.Build.0 = Debug|ARM
		{4E5731D0-AD57-491D-B5D2-DCD29F26D9E8}.Debug|x64.ActiveCfg = Debug|x64
		{4E5731D0-AD57-491D-B5D2-DCD29F26D9E8}.Debug|x64.Build.0 = Debug|x64
		{4E5731D0-AD57-491D-B5D2-DCD29F26D9E8}.Debug|x86.ActiveCfg = Debug|x86
		{4E5731D0-AD57-491D-B5D2-DCD29F26D9E8}.Debug|x86.Build.0 = Debug|x86
		{4E5731D0-AD57-491D-B5D2-DCD29F26D9E8}.Release|Any CPU.ActiveCfg = Release|Any CPU
		{4E5731D0-AD57-491D-B5D2-DCD29F26D9E8}.Release|Any CPU.Build.0 = Release|Any CPU
		{4E5731D0-AD57-491D-B5D2-DCD29F26D9E8}.Release|ARM.ActiveCfg = Release|ARM
		{4E5731D0-AD57-491D-B5D2-DCD29F26D9E8}.Release|ARM.Build.0 = Release|ARM
		{4E5731D0-AD57-491D-B5D2-DCD29F26D9E8}.Release|x64.ActiveCfg = Release|x64
		{4E5731D0-AD57-491D-B5D2-DCD29F26D9E8}.Release|x64.Build.0 = Release|x64
		{4E5731D0-AD57-491D-B5D2-DCD29F26D9E8}.Release|x86.ActiveCfg = Release|x86
		{4E5731D0-AD57-491D-B5D2-DCD29F26D9E8}.Release|x86.Build.0 = Release|x86
	EndGlobalSection
	GlobalSection(SolutionProperties) = preSolution
		HideSolutionNode = FALSE
	EndGlobalSection
EndGlobal
