
Microsoft Visual Studio Solution File, Format Version 12.00
# Visual Studio 15
VisualStudioVersion = 15.0.27130.2027
MinimumVisualStudioVersion = 10.0.40219.1
Project("{FAE04EC0-301F-11D3-BF4B-00C04F79EFBC}") = "SmartDisplay", "SmartDisplay\SmartDisplay.csproj", "{A417FAF4-1000-4D83-9B35-D2AB6066E76E}"
	ProjectSection(ProjectDependencies) = postProject
		{9A45F2F2-0F2B-452A-887D-C39A22A3C3C2} = {9A45F2F2-0F2B-452A-887D-C39A22A3C3C2}
	EndProjectSection
EndProject
Project("{FAE04EC0-301F-11D3-BF4B-00C04F79EFBC}") = "SmartDisplay.Contracts", "SmartDisplay.Contracts\SmartDisplay.Contracts.csproj", "{8DA90BDA-CE14-46A1-BC52-AD5A40AE0BCA}"
EndProject
Project("{FAE04EC0-301F-11D3-BF4B-00C04F79EFBC}") = "SmartDisplay.Utils", "SmartDisplay.Utils\SmartDisplay.Utils.csproj", "{9A45F2F2-0F2B-452A-887D-C39A22A3C3C2}"
EndProject
Project("{FAE04EC0-301F-11D3-BF4B-00C04F79EFBC}") = "SmartDisplay.Features", "SmartDisplay.Features\SmartDisplay.Features.csproj", "{4FE09537-3CF8-4012-87DB-D1F72CAB62B0}"
EndProject
Global
	GlobalSection(SolutionConfigurationPlatforms) = preSolution
		Debug|ARM = Debug|ARM
		Debug|ARM64 = Debug|ARM64
		Debug|x64 = Debug|x64
		Debug|x86 = Debug|x86
		Release|ARM = Release|ARM
		Release|ARM64 = Release|ARM64
		Release|x64 = Release|x64
		Release|x86 = Release|x86
	EndGlobalSection
	GlobalSection(ProjectConfigurationPlatforms) = postSolution
		{A417FAF4-1000-4D83-9B35-D2AB6066E76E}.Debug|ARM.ActiveCfg = Debug|ARM
		{A417FAF4-1000-4D83-9B35-D2AB6066E76E}.Debug|ARM.Build.0 = Debug|ARM
		{A417FAF4-1000-4D83-9B35-D2AB6066E76E}.Debug|ARM.Deploy.0 = Debug|ARM
		{A417FAF4-1000-4D83-9B35-D2AB6066E76E}.Debug|ARM64.ActiveCfg = Debug|ARM64
		{A417FAF4-1000-4D83-9B35-D2AB6066E76E}.Debug|ARM64.Build.0 = Debug|ARM64
		{A417FAF4-1000-4D83-9B35-D2AB6066E76E}.Debug|ARM64.Deploy.0 = Debug|ARM64
		{A417FAF4-1000-4D83-9B35-D2AB6066E76E}.Debug|x64.ActiveCfg = Debug|x64
		{A417FAF4-1000-4D83-9B35-D2AB6066E76E}.Debug|x64.Build.0 = Debug|x64
		{A417FAF4-1000-4D83-9B35-D2AB6066E76E}.Debug|x64.Deploy.0 = Debug|x64
		{A417FAF4-1000-4D83-9B35-D2AB6066E76E}.Debug|x86.ActiveCfg = Debug|x86
		{A417FAF4-1000-4D83-9B35-D2AB6066E76E}.Debug|x86.Build.0 = Debug|x86
		{A417FAF4-1000-4D83-9B35-D2AB6066E76E}.Debug|x86.Deploy.0 = Debug|x86
		{A417FAF4-1000-4D83-9B35-D2AB6066E76E}.Release|ARM.ActiveCfg = Release|ARM
		{A417FAF4-1000-4D83-9B35-D2AB6066E76E}.Release|ARM.Build.0 = Release|ARM
		{A417FAF4-1000-4D83-9B35-D2AB6066E76E}.Release|ARM.Deploy.0 = Release|ARM
		{A417FAF4-1000-4D83-9B35-D2AB6066E76E}.Release|ARM64.ActiveCfg = Release|ARM64
		{A417FAF4-1000-4D83-9B35-D2AB6066E76E}.Release|ARM64.Build.0 = Release|ARM64
		{A417FAF4-1000-4D83-9B35-D2AB6066E76E}.Release|ARM64.Deploy.0 = Release|ARM64
		{A417FAF4-1000-4D83-9B35-D2AB6066E76E}.Release|x64.ActiveCfg = Release|x64
		{A417FAF4-1000-4D83-9B35-D2AB6066E76E}.Release|x64.Build.0 = Release|x64
		{A417FAF4-1000-4D83-9B35-D2AB6066E76E}.Release|x64.Deploy.0 = Release|x64
		{A417FAF4-1000-4D83-9B35-D2AB6066E76E}.Release|x86.ActiveCfg = Release|x86
		{A417FAF4-1000-4D83-9B35-D2AB6066E76E}.Release|x86.Build.0 = Release|x86
		{A417FAF4-1000-4D83-9B35-D2AB6066E76E}.Release|x86.Deploy.0 = Release|x86
		{8DA90BDA-CE14-46A1-BC52-AD5A40AE0BCA}.Debug|ARM.ActiveCfg = Debug|ARM
		{8DA90BDA-CE14-46A1-BC52-AD5A40AE0BCA}.Debug|ARM.Build.0 = Debug|ARM
		{8DA90BDA-CE14-46A1-BC52-AD5A40AE0BCA}.Debug|ARM64.ActiveCfg = Debug|ARM64
		{8DA90BDA-CE14-46A1-BC52-AD5A40AE0BCA}.Debug|ARM64.Build.0 = Debug|ARM64
		{8DA90BDA-CE14-46A1-BC52-AD5A40AE0BCA}.Debug|x64.ActiveCfg = Debug|x64
		{8DA90BDA-CE14-46A1-BC52-AD5A40AE0BCA}.Debug|x64.Build.0 = Debug|x64
		{8DA90BDA-CE14-46A1-BC52-AD5A40AE0BCA}.Debug|x86.ActiveCfg = Debug|x86
		{8DA90BDA-CE14-46A1-BC52-AD5A40AE0BCA}.Debug|x86.Build.0 = Debug|x86
		{8DA90BDA-CE14-46A1-BC52-AD5A40AE0BCA}.Release|ARM.ActiveCfg = Release|ARM
		{8DA90BDA-CE14-46A1-BC52-AD5A40AE0BCA}.Release|ARM.Build.0 = Release|ARM
		{8DA90BDA-CE14-46A1-BC52-AD5A40AE0BCA}.Release|ARM64.ActiveCfg = Release|ARM64
		{8DA90BDA-CE14-46A1-BC52-AD5A40AE0BCA}.Release|ARM64.Build.0 = Release|ARM64
		{8DA90BDA-CE14-46A1-BC52-AD5A40AE0BCA}.Release|x64.ActiveCfg = Release|x64
		{8DA90BDA-CE14-46A1-BC52-AD5A40AE0BCA}.Release|x64.Build.0 = Release|x64
		{8DA90BDA-CE14-46A1-BC52-AD5A40AE0BCA}.Release|x86.ActiveCfg = Release|x86
		{8DA90BDA-CE14-46A1-BC52-AD5A40AE0BCA}.Release|x86.Build.0 = Release|x86
		{9A45F2F2-0F2B-452A-887D-C39A22A3C3C2}.Debug|ARM.ActiveCfg = Debug|ARM
		{9A45F2F2-0F2B-452A-887D-C39A22A3C3C2}.Debug|ARM.Build.0 = Debug|ARM
		{9A45F2F2-0F2B-452A-887D-C39A22A3C3C2}.Debug|ARM64.ActiveCfg = Debug|ARM64
		{9A45F2F2-0F2B-452A-887D-C39A22A3C3C2}.Debug|ARM64.Build.0 = Debug|ARM64
		{9A45F2F2-0F2B-452A-887D-C39A22A3C3C2}.Debug|x64.ActiveCfg = Debug|x64
		{9A45F2F2-0F2B-452A-887D-C39A22A3C3C2}.Debug|x64.Build.0 = Debug|x64
		{9A45F2F2-0F2B-452A-887D-C39A22A3C3C2}.Debug|x86.ActiveCfg = Debug|x86
		{9A45F2F2-0F2B-452A-887D-C39A22A3C3C2}.Debug|x86.Build.0 = Debug|x86
		{9A45F2F2-0F2B-452A-887D-C39A22A3C3C2}.Release|ARM.ActiveCfg = Release|ARM
		{9A45F2F2-0F2B-452A-887D-C39A22A3C3C2}.Release|ARM.Build.0 = Release|ARM
		{9A45F2F2-0F2B-452A-887D-C39A22A3C3C2}.Release|ARM64.ActiveCfg = Release|ARM64
		{9A45F2F2-0F2B-452A-887D-C39A22A3C3C2}.Release|ARM64.Build.0 = Release|ARM64
		{9A45F2F2-0F2B-452A-887D-C39A22A3C3C2}.Release|x64.ActiveCfg = Release|x64
		{9A45F2F2-0F2B-452A-887D-C39A22A3C3C2}.Release|x64.Build.0 = Release|x64
		{9A45F2F2-0F2B-452A-887D-C39A22A3C3C2}.Release|x86.ActiveCfg = Release|x86
		{9A45F2F2-0F2B-452A-887D-C39A22A3C3C2}.Release|x86.Build.0 = Release|x86
		{4FE09537-3CF8-4012-87DB-D1F72CAB62B0}.Debug|ARM.ActiveCfg = Debug|ARM
		{4FE09537-3CF8-4012-87DB-D1F72CAB62B0}.Debug|ARM.Build.0 = Debug|ARM
		{4FE09537-3CF8-4012-87DB-D1F72CAB62B0}.Debug|ARM64.ActiveCfg = Debug|ARM64
		{4FE09537-3CF8-4012-87DB-D1F72CAB62B0}.Debug|ARM64.Build.0 = Debug|ARM64
		{4FE09537-3CF8-4012-87DB-D1F72CAB62B0}.Debug|x64.ActiveCfg = Debug|x64
		{4FE09537-3CF8-4012-87DB-D1F72CAB62B0}.Debug|x64.Build.0 = Debug|x64
		{4FE09537-3CF8-4012-87DB-D1F72CAB62B0}.Debug|x86.ActiveCfg = Debug|x86
		{4FE09537-3CF8-4012-87DB-D1F72CAB62B0}.Debug|x86.Build.0 = Debug|x86
		{4FE09537-3CF8-4012-87DB-D1F72CAB62B0}.Release|ARM.ActiveCfg = Release|ARM
		{4FE09537-3CF8-4012-87DB-D1F72CAB62B0}.Release|ARM.Build.0 = Release|ARM
		{4FE09537-3CF8-4012-87DB-D1F72CAB62B0}.Release|ARM64.ActiveCfg = Release|ARM64
		{4FE09537-3CF8-4012-87DB-D1F72CAB62B0}.Release|ARM64.Build.0 = Release|ARM64
		{4FE09537-3CF8-4012-87DB-D1F72CAB62B0}.Release|x64.ActiveCfg = Release|x64
		{4FE09537-3CF8-4012-87DB-D1F72CAB62B0}.Release|x64.Build.0 = Release|x64
		{4FE09537-3CF8-4012-87DB-D1F72CAB62B0}.Release|x86.ActiveCfg = Release|x86
		{4FE09537-3CF8-4012-87DB-D1F72CAB62B0}.Release|x86.Build.0 = Release|x86
	EndGlobalSection
	GlobalSection(SolutionProperties) = preSolution
		HideSolutionNode = FALSE
	EndGlobalSection
	GlobalSection(ExtensibilityGlobals) = postSolution
		SolutionGuid = {10BAA724-C66E-4DC6-99C3-9B922DD077DF}
	EndGlobalSection
EndGlobal
